# This file is automatically @generated by Wally.
# It is not intended for manual editing.
registry = "test"

[[package]]
name = "1foreverhd/topbarplus"
version = "3.4.0"
dependencies = []

[[package]]
name = "csqrl/sift"
version = "0.0.11"
dependencies = []

[[package]]
name = "dtbur/ffg-idle-roblox"
version = "0.1.0"
dependencies = [["Find", "sleitnick/find@1.0.0"], ["Sift", "csqrl/sift@0.0.11"], ["Signal", "sleitnick/signal@1.5.0"], ["TableUtil", "sleitnick/table-util@1.2.1"], ["Trove", "sleitnick/trove@1.5.1"], ["satchel", "ryanlua/satchel@1.4.1"], ["uilabs", "pepeeltoro41/ui-labs@2.4.1"]]

[[package]]
name = "pepeeltoro41/ui-labs"
version = "2.4.1"
dependencies = []

[[package]]
name = "ryanlua/satchel"
version = "1.4.1"
dependencies = [["topbarplus", "1foreverhd/topbarplus@3.4.0"]]

[[package]]
name = "sleitnick/find"
version = "1.0.0"
dependencies = []

[[package]]
name = "sleitnick/signal"
version = "1.5.0"
dependencies = []

[[package]]
name = "sleitnick/table-util"
version = "1.2.1"
dependencies = []

[[package]]
name = "sleitnick/trove"
version = "1.5.1"
dependencies = []
